
Microsoft Visual Studio Solution File, Format Version 12.00
# Visual Studio Version 16
VisualStudioVersion = 16.0.29613.14
MinimumVisualStudioVersion = 10.0.40219.1
Project("{9A19103F-16F7-4668-BE54-9A1E7A4F7556}") = "miniServer", "miniServer\miniServer.csproj", "{6E7FF522-06E4-4FA1-91A5-93157DBA7DC0}"
EndProject
Project("{9A19103F-16F7-4668-BE54-9A1E7A4F7556}") = "SimpleTcp", "Net\SimpleTcp.csproj", "{50465B51-3185-4F42-B044-D158BE1D1049}"
EndProject
Global
	GlobalSection(SolutionConfigurationPlatforms) = preSolution
		Debug|Any CPU = Debug|Any CPU
		Release|Any CPU = Release|Any CPU
	EndGlobalSection
	GlobalSection(ProjectConfigurationPlatforms) = postSolution
		{6E7FF522-06E4-4FA1-91A5-93157DBA7DC0}.Debug|Any CPU.ActiveCfg = Debug|Any CPU
		{6E7FF522-06E4-4FA1-91A5-93157DBA7DC0}.Debug|Any CPU.Build.0 = Debug|Any CPU
		{6E7FF522-06E4-4FA1-91A5-93157DBA7DC0}.Release|Any CPU.ActiveCfg = Release|Any CPU
		{6E7FF522-06E4-4FA1-91A5-93157DBA7DC0}.Release|Any CPU.Build.0 = Release|Any CPU
		{50465B51-3185-4F42-B044-D158BE1D1049}.Debug|Any CPU.ActiveCfg = Debug|Any CPU
		{50465B51-3185-4F42-B044-D158BE1D1049}.Debug|Any CPU.Build.0 = Debug|Any CPU
		{50465B51-3185-4F42-B044-D158BE1D1049}.Release|Any CPU.ActiveCfg = Release|Any CPU
		{50465B51-3185-4F42-B044-D158BE1D1049}.Release|Any CPU.Build.0 = Release|Any CPU
	EndGlobalSection
	GlobalSection(SolutionProperties) = preSolution
		HideSolutionNode = FALSE
	EndGlobalSection
	GlobalSection(ExtensibilityGlobals) = postSolution
		SolutionGuid = {4DBDE5DB-7FAE-4ADF-B65D-F51B5FBC3855}
	EndGlobalSection
EndGlobal
